
Microsoft Visual Studio Solution File, Format Version 12.00
# Visual Studio Version 16
VisualStudioVersion = 16.0.31729.503
MinimumVisualStudioVersion = 10.0.40219.1
Project("{9A19103F-16F7-4668-BE54-9A1E7A4F7556}") = "DataAccess", "Data\DataAccess.csproj", "{BB9C268A-A426-472E-BBC1-4A98879C1F7C}"
EndProject
Project("{9A19103F-16F7-4668-BE54-9A1E7A4F7556}") = "Business", "Business\Business.csproj", "{831F4109-58A1-467E-A267-EC996901524F}"
EndProject
Project("{9A19103F-16F7-4668-BE54-9A1E7A4F7556}") = "Core", "Core\Core.csproj", "{640E780D-472A-4BE9-9AEF-2C5EB7010F2E}"
EndProject
Project("{9A19103F-16F7-4668-BE54-9A1E7A4F7556}") = "Entities", "Entities\Entities.csproj", "{0733B8EA-BFDE-401C-8B52-981532BD6576}"
EndProject
Project("{9A19103F-16F7-4668-BE54-9A1E7A4F7556}") = "WebService", "WebApi\WebService.csproj", "{19F5921B-9AAE-4CD9-838A-C26C3ACF5374}"
EndProject
Project("{9A19103F-16F7-4668-BE54-9A1E7A4F7556}") = "WebSite", "WebSite\WebSite.csproj", "{4A2E1BEC-BD56-4733-ACB2-13AFCFDCBEB3}"
EndProject
Global
	GlobalSection(SolutionConfigurationPlatforms) = preSolution
		Debug|Any CPU = Debug|Any CPU
		Release|Any CPU = Release|Any CPU
	EndGlobalSection
	GlobalSection(ProjectConfigurationPlatforms) = postSolution
		{BB9C268A-A426-472E-BBC1-4A98879C1F7C}.Debug|Any CPU.ActiveCfg = Debug|Any CPU
		{BB9C268A-A426-472E-BBC1-4A98879C1F7C}.Debug|Any CPU.Build.0 = Debug|Any CPU
		{BB9C268A-A426-472E-BBC1-4A98879C1F7C}.Release|Any CPU.ActiveCfg = Release|Any CPU
		{BB9C268A-A426-472E-BBC1-4A98879C1F7C}.Release|Any CPU.Build.0 = Release|Any CPU
		{831F4109-58A1-467E-A267-EC996901524F}.Debug|Any CPU.ActiveCfg = Debug|Any CPU
		{831F4109-58A1-467E-A267-EC996901524F}.Debug|Any CPU.Build.0 = Debug|Any CPU
		{831F4109-58A1-467E-A267-EC996901524F}.Release|Any CPU.ActiveCfg = Release|Any CPU
		{831F4109-58A1-467E-A267-EC996901524F}.Release|Any CPU.Build.0 = Release|Any CPU
		{640E780D-472A-4BE9-9AEF-2C5EB7010F2E}.Debug|Any CPU.ActiveCfg = Debug|Any CPU
		{640E780D-472A-4BE9-9AEF-2C5EB7010F2E}.Debug|Any CPU.Build.0 = Debug|Any CPU
		{640E780D-472A-4BE9-9AEF-2C5EB7010F2E}.Release|Any CPU.ActiveCfg = Release|Any CPU
		{640E780D-472A-4BE9-9AEF-2C5EB7010F2E}.Release|Any CPU.Build.0 = Release|Any CPU
		{0733B8EA-BFDE-401C-8B52-981532BD6576}.Debug|Any CPU.ActiveCfg = Debug|Any CPU
		{0733B8EA-BFDE-401C-8B52-981532BD6576}.Debug|Any CPU.Build.0 = Debug|Any CPU
		{0733B8EA-BFDE-401C-8B52-981532BD6576}.Release|Any CPU.ActiveCfg = Release|Any CPU
		{0733B8EA-BFDE-401C-8B52-981532BD6576}.Release|Any CPU.Build.0 = Release|Any CPU
		{19F5921B-9AAE-4CD9-838A-C26C3ACF5374}.Debug|Any CPU.ActiveCfg = Debug|Any CPU
		{19F5921B-9AAE-4CD9-838A-C26C3ACF5374}.Debug|Any CPU.Build.0 = Debug|Any CPU
		{19F5921B-9AAE-4CD9-838A-C26C3ACF5374}.Release|Any CPU.ActiveCfg = Release|Any CPU
		{19F5921B-9AAE-4CD9-838A-C26C3ACF5374}.Release|Any CPU.Build.0 = Release|Any CPU
		{4A2E1BEC-BD56-4733-ACB2-13AFCFDCBEB3}.Debug|Any CPU.ActiveCfg = Debug|Any CPU
		{4A2E1BEC-BD56-4733-ACB2-13AFCFDCBEB3}.Debug|Any CPU.Build.0 = Debug|Any CPU
		{4A2E1BEC-BD56-4733-ACB2-13AFCFDCBEB3}.Release|Any CPU.ActiveCfg = Release|Any CPU
		{4A2E1BEC-BD56-4733-ACB2-13AFCFDCBEB3}.Release|Any CPU.Build.0 = Release|Any CPU
	EndGlobalSection
	GlobalSection(SolutionProperties) = preSolution
		HideSolutionNode = FALSE
	EndGlobalSection
	GlobalSection(ExtensibilityGlobals) = postSolution
		SolutionGuid = {30FFE7F7-660E-4BE9-8EEA-CCF8C5738099}
	EndGlobalSection
EndGlobal
